
Microsoft Visual Studio Solution File, Format Version 9.00
# Visual Studio 2005
Project("{F184B08F-C81C-45F6-A57F-5ABD9991F28F}") = "VBNET", "VBNET.vbproj", "{CE129BB8-A8DF-4064-9324-661B6C6E3716}"
EndProject
Global
	GlobalSection(SolutionConfigurationPlatforms) = preSolution
		Debug|Any CPU = Debug|Any CPU
		Release|Any CPU = Release|Any CPU
	EndGlobalSection
	GlobalSection(ProjectConfigurationPlatforms) = postSolution
		{CE129BB8-A8DF-4064-9324-661B6C6E3716}.Debug|Any CPU.ActiveCfg = Debug|Any CPU
		{CE129BB8-A8DF-4064-9324-661B6C6E3716}.Debug|Any CPU.Build.0 = Debug|Any CPU
		{CE129BB8-A8DF-4064-9324-661B6C6E3716}.Release|Any CPU.ActiveCfg = Release|Any CPU
		{CE129BB8-A8DF-4064-9324-661B6C6E3716}.Release|Any CPU.Build.0 = Release|Any CPU
	EndGlobalSection
	GlobalSection(SolutionProperties) = preSolution
		HideSolutionNode = FALSE
	EndGlobalSection
EndGlobal
